
Microsoft Visual Studio Solution File, Format Version 12.00
# Visual Studio Version 16
VisualStudioVersion = 16.0.30621.155
MinimumVisualStudioVersion = 10.0.40219.1
Project("{FAE04EC0-301F-11D3-BF4B-00C04F79EFBC}") = "DLMonitor", "DLMonitor.csproj", "{CED60AA3-C08C-4230-9B57-23C38403E28E}"
EndProject
Global
	GlobalSection(SolutionConfigurationPlatforms) = preSolution
		Debug|Any CPU = Debug|Any CPU
		Release|Any CPU = Release|Any CPU
	EndGlobalSection
	GlobalSection(ProjectConfigurationPlatforms) = postSolution
		{CED60AA3-C08C-4230-9B57-23C38403E28E}.Debug|Any CPU.ActiveCfg = Debug|Any CPU
		{CED60AA3-C08C-4230-9B57-23C38403E28E}.Debug|Any CPU.Build.0 = Debug|Any CPU
		{CED60AA3-C08C-4230-9B57-23C38403E28E}.Release|Any CPU.ActiveCfg = Release|Any CPU
		{CED60AA3-C08C-4230-9B57-23C38403E28E}.Release|Any CPU.Build.0 = Release|Any CPU
	EndGlobalSection
	GlobalSection(SolutionProperties) = preSolution
		HideSolutionNode = FALSE
	EndGlobalSection
	GlobalSection(ExtensibilityGlobals) = postSolution
		SolutionGuid = {FC3F7B99-4FD0-4AB5-BA77-B57D9602E6D3}
	EndGlobalSection
EndGlobal
